# This file is automatically @generated by Cargo.
# It is not intended for manual editing.
version = 3

[[package]]
name = "acpi"
version = "4.1.1"
source = "git+https://github.com/kennystrawnmusic/acpi#e7c00ea918c5db04622f31c5036a9f6be4f74c69"
dependencies = [
 "bit_field",
 "log",
 "rsdp",
]

[[package]]
name = "aml"
version = "0.16.1"
source = "registry+https://github.com/rust-lang/crates.io-index"
checksum = "dd4333c62efb3e54178ca34fa1bf6903b4a91147a2f8dcc6e03fffffcce16605"
dependencies = [
 "bit_field",
 "bitvec",
 "byteorder",
 "log",
 "spinning_top",
]

[[package]]
name = "array-macro"
version = "2.1.5"
source = "registry+https://github.com/rust-lang/crates.io-index"
checksum = "457661fa6716c30b73d7c41400a8a78780d20523b83a9441dabec28e93f27cf4"

[[package]]
name = "autocfg"
version = "1.1.0"
source = "registry+https://github.com/rust-lang/crates.io-index"
checksum = "d468802bab17cbc0cc575e9b053f41e72aa36bfa6b7f55e3529ffa43161b97fa"

[[package]]
name = "bit"
version = "0.1.1"
source = "registry+https://github.com/rust-lang/crates.io-index"
checksum = "2b645c5c09a7d4035949cfce1a915785aaad6f17800c35fda8a8c311c491f284"

[[package]]
name = "bit_field"
version = "0.10.1"
source = "registry+https://github.com/rust-lang/crates.io-index"
checksum = "dcb6dd1c2376d2e096796e234a70e17e94cc2d5d54ff8ce42b28cef1d0d359a4"

[[package]]
name = "bitflags"
version = "1.3.2"
source = "registry+https://github.com/rust-lang/crates.io-index"
checksum = "bef38d45163c2f1dde094a7dfd33ccf595c92905c8f8f4fdc18d06fb1037718a"

[[package]]
name = "bitvec"
version = "0.22.3"
source = "registry+https://github.com/rust-lang/crates.io-index"
checksum = "5237f00a8c86130a0cc317830e558b966dd7850d48a953d998c813f01a41b527"
dependencies = [
 "funty 1.2.0",
 "radium",
 "tap",
 "wyz",
]

[[package]]
name = "bootloader"
version = "0.10.12"
source = "registry+https://github.com/rust-lang/crates.io-index"
checksum = "f2d9b14b92a825ecc3b24e4c163a578af473fbba5f190bfaf48092b29b604504"

[[package]]
name = "bootloader-locator"
version = "0.0.4"
source = "registry+https://github.com/rust-lang/crates.io-index"
checksum = "aaaa9db3339d32c2622f2e5d0731eb82a468d3439797c9d4fe426744fe2bd551"
dependencies = [
 "json",
]

[[package]]
name = "btrfs-diskformat"
version = "0.3.0"
source = "git+https://github.com/kennystrawnmusic/btrfs-no-std?branch=patch-1#864a800c1eef2f0022e6be4db1b5f299037bd030"
dependencies = [
 "bitflags",
 "byteorder",
 "num_enum",
 "static_assertions",
 "strum",
 "zerocopy",
]

[[package]]
name = "buddy_system_allocator"
version = "0.8.0"
source = "registry+https://github.com/rust-lang/crates.io-index"
checksum = "55703ac5f02c246ce6158eff6ae2dd9e9069917969682b6831f8a5123abb8a48"
dependencies = [
 "spin 0.7.1",
]

[[package]]
name = "byteorder"
version = "1.4.3"
source = "registry+https://github.com/rust-lang/crates.io-index"
checksum = "14c189c53d098945499cdfa7ecc63567cf3886b3332b312a5b4585d8d3a6a610"

[[package]]
name = "cfg-if"
version = "1.0.0"
source = "registry+https://github.com/rust-lang/crates.io-index"
checksum = "baf1de4339761588bc0619e3cbc0120ee582ebb74b53b4efbf79117bd2da40fd"

[[package]]
name = "conquer-once"
version = "0.3.2"
source = "registry+https://github.com/rust-lang/crates.io-index"
checksum = "7c6d3a9775a69f6d1fe2cc888999b67ed30257d3da4d2af91984e722f2ec918a"
dependencies = [
 "conquer-util",
]

[[package]]
name = "conquer-util"
version = "0.3.0"
source = "registry+https://github.com/rust-lang/crates.io-index"
checksum = "e763eef8846b13b380f37dfecda401770b0ca4e56e95170237bd7c25c7db3582"

[[package]]
name = "cryptos"
version = "0.1.0"
dependencies = [
 "acpi",
 "aml",
 "array-macro",
 "bit",
 "bitflags",
 "bootloader",
 "btrfs-diskformat",
 "byteorder",
 "conquer-once",
 "lazy_static",
 "log",
 "pcics",
 "printk",
 "raw-cpuid",
 "redox_syscall",
 "slab_allocator_rs",
 "spin 0.9.4",
 "x2apic",
 "x86_64",
]

[[package]]
name = "doc-comment"
version = "0.3.3"
source = "registry+https://github.com/rust-lang/crates.io-index"
checksum = "fea41bba32d969b513997752735605054bc0dfa92b4c56bf1189f2e174be7a10"

[[package]]
name = "funty"
version = "1.2.0"
source = "registry+https://github.com/rust-lang/crates.io-index"
checksum = "1847abb9cb65d566acd5942e94aea9c8f547ad02c98e1649326fc0e8910b8b1e"

[[package]]
name = "funty"
version = "2.0.0"
source = "registry+https://github.com/rust-lang/crates.io-index"
checksum = "e6d5a32815ae3f33302d95fdcb2ce17862f8c65363dcfd29360480ba1001fc9c"

[[package]]
name = "heck"
version = "0.3.3"
source = "registry+https://github.com/rust-lang/crates.io-index"
checksum = "6d621efb26863f0e9924c6ac577e8275e5e6b77455db64ffa6c65c904e9e132c"
dependencies = [
 "unicode-segmentation",
]

[[package]]
name = "heck"
version = "0.4.0"
source = "registry+https://github.com/rust-lang/crates.io-index"
checksum = "2540771e65fc8cb83cd6e8a237f70c319bd5c29f78ed1084ba5d50eeac86f7f9"

[[package]]
name = "heterob"
version = "0.2.1"
source = "git+https://github.com/kennystrawnmusic/heterob#3041deb0fe308636aadc4027ef12f5be4ebe7e0b"
dependencies = [
 "funty 2.0.0",
 "paste",
]

[[package]]
name = "imager"
version = "0.1.0"
dependencies = [
 "bootloader-locator",
]

[[package]]
name = "json"
version = "0.12.4"
source = "registry+https://github.com/rust-lang/crates.io-index"
checksum = "078e285eafdfb6c4b434e0d31e8cfcb5115b651496faca5749b88fafd4f23bfd"

[[package]]
name = "lazy_static"
version = "1.4.0"
source = "registry+https://github.com/rust-lang/crates.io-index"
checksum = "e2abad23fbc42b3700f2f279844dc832adb2b2eb069b2df918f455c4e18cc646"
dependencies = [
 "spin 0.5.2",
]

[[package]]
name = "lock_api"
version = "0.4.7"
source = "registry+https://github.com/rust-lang/crates.io-index"
checksum = "327fa5b6a6940e4699ec49a9beae1ea4845c6bab9314e4f84ac68742139d8c53"
dependencies = [
 "autocfg",
 "scopeguard",
]

[[package]]
name = "log"
version = "0.4.17"
source = "registry+https://github.com/rust-lang/crates.io-index"
checksum = "abb12e687cfb44aa40f41fc3978ef76448f9b6038cad6aef4259d3c095a2382e"
dependencies = [
 "cfg-if",
]

[[package]]
name = "noto-sans-mono-bitmap"
version = "0.1.5"
source = "registry+https://github.com/rust-lang/crates.io-index"
checksum = "643bee6617a18c64f5a72ef358a9426d3682dc768db7c320825d3d936e2232d4"

[[package]]
name = "num_enum"
version = "0.5.7"
source = "registry+https://github.com/rust-lang/crates.io-index"
checksum = "cf5395665662ef45796a4ff5486c5d41d29e0c09640af4c5f17fd94ee2c119c9"
dependencies = [
 "num_enum_derive",
]

[[package]]
name = "num_enum_derive"
version = "0.5.7"
source = "registry+https://github.com/rust-lang/crates.io-index"
checksum = "3b0498641e53dd6ac1a4f22547548caa6864cc4933784319cd1775271c5a46ce"
dependencies = [
 "proc-macro2",
 "quote",
 "syn",
]

[[package]]
name = "paste"
version = "1.0.8"
source = "registry+https://github.com/rust-lang/crates.io-index"
checksum = "9423e2b32f7a043629287a536f21951e8c6a82482d0acb1eeebfc90bc2225b22"

[[package]]
name = "pcics"
version = "0.2.0"
source = "registry+https://github.com/rust-lang/crates.io-index"
checksum = "dd14b10a7dac61ce17d4702608a98a89b80c6e01fa5db3f6caac8f6272190844"
dependencies = [
 "heterob",
 "snafu",
]

[[package]]
name = "printk"
version = "0.2.5"
source = "registry+https://github.com/rust-lang/crates.io-index"
checksum = "c267f3f133c20eb708684ae2d8e0f4e46f9e43d1610e22126bc0e97e18864e94"
dependencies = [
 "bootloader",
 "conquer-once",
 "log",
 "noto-sans-mono-bitmap",
 "spinning_top",
]

[[package]]
name = "proc-macro2"
version = "1.0.43"
source = "registry+https://github.com/rust-lang/crates.io-index"
checksum = "0a2ca2c61bc9f3d74d2886294ab7b9853abd9c1ad903a3ac7815c58989bb7bab"
dependencies = [
 "unicode-ident",
]

[[package]]
name = "quote"
version = "1.0.21"
source = "registry+https://github.com/rust-lang/crates.io-index"
checksum = "bbe448f377a7d6961e30f5955f9b8d106c3f5e449d493ee1b125c1d43c2b5179"
dependencies = [
 "proc-macro2",
]

[[package]]
name = "radium"
version = "0.6.2"
source = "registry+https://github.com/rust-lang/crates.io-index"
checksum = "643f8f41a8ebc4c5dc4515c82bb8abd397b527fc20fd681b7c011c2aee5d44fb"

[[package]]
name = "raw-cpuid"
version = "10.4.0"
source = "registry+https://github.com/rust-lang/crates.io-index"
checksum = "2c49596760fce12ca21550ac21dc5a9617b2ea4b6e0aa7d8dab8ff2824fc2bba"
dependencies = [
 "bitflags",
]

[[package]]
name = "redox_syscall"
version = "0.3.0"
source = "git+https://gitlab.redox-os.org/redox-os/syscall#90c9253678c633133326a239557a755fea4a29eb"
dependencies = [
 "bitflags",
]

[[package]]
name = "rsdp"
version = "2.0.0"
source = "git+https://github.com/kennystrawnmusic/acpi#e7c00ea918c5db04622f31c5036a9f6be4f74c69"
dependencies = [
 "log",
]

[[package]]
name = "rustversion"
version = "1.0.9"
source = "registry+https://github.com/rust-lang/crates.io-index"
checksum = "97477e48b4cf8603ad5f7aaf897467cf42ab4218a38ef76fb14c2d6773a6d6a8"

[[package]]
name = "scopeguard"
version = "1.1.0"
source = "registry+https://github.com/rust-lang/crates.io-index"
checksum = "d29ab0c6d3fc0ee92fe66e2d99f700eab17a8d57d1c1d3b748380fb20baa78cd"

[[package]]
name = "slab_allocator_rs"
version = "1.0.1"
source = "registry+https://github.com/rust-lang/crates.io-index"
checksum = "7feef020acba64b15b8be968cce2aad496650725550177528f7c113a2b79c21e"
dependencies = [
 "buddy_system_allocator",
 "spin 0.9.4",
]

[[package]]
name = "snafu"
version = "0.7.1"
source = "registry+https://github.com/rust-lang/crates.io-index"
checksum = "5177903bf45656592d9eb5c0e22f408fc023aae51dbe2088889b71633ba451f2"
dependencies = [
 "doc-comment",
 "snafu-derive",
]

[[package]]
name = "snafu-derive"
version = "0.7.1"
source = "registry+https://github.com/rust-lang/crates.io-index"
checksum = "410b26ed97440d90ced3e2488c868d56a86e2064f5d7d6f417909b286afe25e5"
dependencies = [
 "heck 0.4.0",
 "proc-macro2",
 "quote",
 "syn",
]

[[package]]
name = "spin"
version = "0.5.2"
source = "registry+https://github.com/rust-lang/crates.io-index"
checksum = "6e63cff320ae2c57904679ba7cb63280a3dc4613885beafb148ee7bf9aa9042d"

[[package]]
name = "spin"
version = "0.7.1"
source = "registry+https://github.com/rust-lang/crates.io-index"
checksum = "13287b4da9d1207a4f4929ac390916d64eacfe236a487e9a9f5b3be392be5162"

[[package]]
name = "spin"
version = "0.9.4"
source = "registry+https://github.com/rust-lang/crates.io-index"
checksum = "7f6002a767bff9e83f8eeecf883ecb8011875a21ae8da43bffb817a57e78cc09"
dependencies = [
 "lock_api",
]

[[package]]
name = "spinning_top"
version = "0.2.4"
source = "registry+https://github.com/rust-lang/crates.io-index"
checksum = "75adad84ee84b521fb2cca2d4fd0f1dab1d8d026bda3c5bea4ca63b5f9f9293c"
dependencies = [
 "lock_api",
]

[[package]]
name = "static_assertions"
version = "1.1.0"
source = "registry+https://github.com/rust-lang/crates.io-index"
checksum = "a2eb9349b6444b326872e140eb1cf5e7c522154d69e7a0ffb0fb81c06b37543f"

[[package]]
name = "strum"
version = "0.23.0"
source = "registry+https://github.com/rust-lang/crates.io-index"
checksum = "cae14b91c7d11c9a851d3fbc80a963198998c2a64eec840477fa92d8ce9b70bb"
dependencies = [
 "strum_macros",
]

[[package]]
name = "strum_macros"
version = "0.23.1"
source = "registry+https://github.com/rust-lang/crates.io-index"
checksum = "5bb0dc7ee9c15cea6199cde9a127fa16a4c5819af85395457ad72d68edc85a38"
dependencies = [
 "heck 0.3.3",
 "proc-macro2",
 "quote",
 "rustversion",
 "syn",
]

[[package]]
name = "syn"
version = "1.0.99"
source = "registry+https://github.com/rust-lang/crates.io-index"
checksum = "58dbef6ec655055e20b86b15a8cc6d439cca19b667537ac6a1369572d151ab13"
dependencies = [
 "proc-macro2",
 "quote",
 "unicode-ident",
]

[[package]]
name = "synstructure"
version = "0.12.6"
source = "registry+https://github.com/rust-lang/crates.io-index"
checksum = "f36bdaa60a83aca3921b5259d5400cbf5e90fc51931376a9bd4a0eb79aa7210f"
dependencies = [
 "proc-macro2",
 "quote",
 "syn",
 "unicode-xid",
]

[[package]]
name = "tap"
version = "1.0.1"
source = "registry+https://github.com/rust-lang/crates.io-index"
checksum = "55937e1799185b12863d447f42597ed69d9928686b8d88a1df17376a097d8369"

[[package]]
name = "unicode-ident"
version = "1.0.3"
source = "registry+https://github.com/rust-lang/crates.io-index"
checksum = "c4f5b37a154999a8f3f98cc23a628d850e154479cd94decf3414696e12e31aaf"

[[package]]
name = "unicode-segmentation"
version = "1.9.0"
source = "registry+https://github.com/rust-lang/crates.io-index"
checksum = "7e8820f5d777f6224dc4be3632222971ac30164d4a258d595640799554ebfd99"

[[package]]
name = "unicode-xid"
version = "0.2.3"
source = "registry+https://github.com/rust-lang/crates.io-index"
checksum = "957e51f3646910546462e67d5f7599b9e4fb8acdd304b087a6494730f9eebf04"

[[package]]
name = "volatile"
version = "0.4.5"
source = "registry+https://github.com/rust-lang/crates.io-index"
checksum = "e3ca98349dda8a60ae74e04fd90c7fb4d6a4fbe01e6d3be095478aa0b76f6c0c"

[[package]]
name = "wyz"
version = "0.4.0"
source = "registry+https://github.com/rust-lang/crates.io-index"
checksum = "129e027ad65ce1453680623c3fb5163cbf7107bfe1aa32257e7d0e63f9ced188"
dependencies = [
 "tap",
]

[[package]]
name = "x2apic"
version = "0.4.1"
source = "git+https://github.com/kwzhao/x2apic-rs#06f40120b5dea7bfa8435c5f54352cdff87ebe28"
dependencies = [
 "bit",
 "bitflags",
 "paste",
 "raw-cpuid",
 "x86_64",
]

[[package]]
name = "x86_64"
version = "0.14.10"
source = "registry+https://github.com/rust-lang/crates.io-index"
checksum = "100555a863c0092238c2e0e814c1096c1e5cf066a309c696a87e907b5f8c5d69"
dependencies = [
 "bit_field",
 "bitflags",
 "rustversion",
 "volatile",
]

[[package]]
name = "zerocopy"
version = "0.4.0"
source = "registry+https://github.com/rust-lang/crates.io-index"
checksum = "ab9379fdcbd16727ce6f7f098154c35d303f092ba4c8e20719f584ad29b8aa47"
dependencies = [
 "byteorder",
 "zerocopy-derive",
]

[[package]]
name = "zerocopy-derive"
version = "0.2.0"
source = "registry+https://github.com/rust-lang/crates.io-index"
checksum = "d498dbd1fd7beb83c86709ae1c33ca50942889473473d287d56ce4770a18edfb"
dependencies = [
 "proc-macro2",
 "syn",
 "synstructure",
]
